
Microsoft Visual Studio Solution File, Format Version 12.00
Project("{2150E333-8FDC-42A3-9474-1A3956D46DE8}") = "src", "src", "{8ED774F4-D429-4B82-B768-50DCA8EFF609}"
EndProject
Project("{2150E333-8FDC-42A3-9474-1A3956D46DE8}") = "tests", "tests", "{792FFE57-F1A0-47A4-9E2A-80F75FF2F8DB}"
EndProject
Project("{FAE04EC0-301F-11D3-BF4B-00C04F79EFBC}") = "Lab1", "src\Lab1\Lab1.csproj", "{EABA4888-E6C1-4ACC-856E-FBD34CEA3EDB}"
EndProject
Project("{FAE04EC0-301F-11D3-BF4B-00C04F79EFBC}") = "Lab1.Tests", "tests\Lab1.Tests\Lab1.Tests.csproj", "{4CA1BCBB-A6F3-4ED0-9E5F-849FF093EDE1}"
EndProject
Project("{2150E333-8FDC-42A3-9474-1A3956D46DE8}") = "common", "common", "{21E20419-0C74-46BC-9D7D-A24CEEC29ACC}"
	ProjectSection(SolutionItems) = preProject
		Directory.Build.props = Directory.Build.props
		Directory.Packages.props = Directory.Packages.props
		.editorconfig = .editorconfig
	EndProjectSection
EndProject
Project("{FAE04EC0-301F-11D3-BF4B-00C04F79EFBC}") = "Lab2", "src\Lab2\Lab2.csproj", "{433B9342-A6BF-4194-8F08-727AADAE7504}"
EndProject
Project("{FAE04EC0-301F-11D3-BF4B-00C04F79EFBC}") = "Lab3", "src\Lab3\Lab3.csproj", "{43B4CD48-18D5-4EDE-80CB-86460F4C64CB}"
EndProject
Project("{FAE04EC0-301F-11D3-BF4B-00C04F79EFBC}") = "Lab4", "src\Lab4\Lab4.csproj", "{A53D3DBD-FA2D-47B4-90A9-B44AF07ADE71}"
EndProject
Project("{2150E333-8FDC-42A3-9474-1A3956D46DE8}") = "Lab5", "Lab5", "{55C309C9-B7DE-4F64-AFDE-A33F9C2AB2D4}"
EndProject
Project("{FAE04EC0-301F-11D3-BF4B-00C04F79EFBC}") = "Lab2.Tests", "tests\Lab2.Tests\Lab2.Tests.csproj", "{25D0E1F0-760B-4E76-B0D9-3EF274B35AF6}"
EndProject
Project("{FAE04EC0-301F-11D3-BF4B-00C04F79EFBC}") = "Lab3.Tests", "tests\Lab3.Tests\Lab3.Tests.csproj", "{7E5E46DB-EF55-47E6-822A-6AE20BF2FCD9}"
EndProject
Project("{FAE04EC0-301F-11D3-BF4B-00C04F79EFBC}") = "Lab4.Tests", "tests\Lab4.Tests\Lab4.Tests.csproj", "{17689E4A-FE4F-4893-8E28-3BA911DEC8D8}"
EndProject
Project("{FAE04EC0-301F-11D3-BF4B-00C04F79EFBC}") = "Lab5.Tests", "tests\Lab5.Tests\Lab5.Tests.csproj", "{FA627A62-AD7A-4A72-B15C-EC8AEFD206DB}"
EndProject
Project("{2150E333-8FDC-42A3-9474-1A3956D46DE8}") = "src", "src", "{D0A38B1D-F943-49FD-9E6A-C1D80214BF87}"
EndProject
Project("{2150E333-8FDC-42A3-9474-1A3956D46DE8}") = "common", "common", "{49E1D4D0-CBEA-499B-AF27-833BD08D423B}"
EndProject
Project("{2150E333-8FDC-42A3-9474-1A3956D46DE8}") = "docker", "docker", "{665D113C-9BBB-4775-BFAF-5944BF8A4C99}"
	ProjectSection(SolutionItems) = preProject
		.env = .env
		docker-compose.yaml = docker-compose.yaml
	EndProjectSection
EndProject
Project("{2150E333-8FDC-42A3-9474-1A3956D46DE8}") = "Application", "Application", "{BB4063E9-73AF-4912-AB49-63EA88272BE7}"
EndProject
Project("{2150E333-8FDC-42A3-9474-1A3956D46DE8}") = "Infrastructure", "Infrastructure", "{1C732A96-3074-4526-9F64-3AC242EB98F1}"
EndProject
Project("{2150E333-8FDC-42A3-9474-1A3956D46DE8}") = "Presentation", "Presentation", "{5F81C32D-6133-4F61-B838-4EFAD486C0E0}"
EndProject
Project("{FAE04EC0-301F-11D3-BF4B-00C04F79EFBC}") = "LabWork5.Application", "src\Lab5\LabWork5.Application\LabWork5.Application.csproj", "{6BF5AF39-AAC5-4206-9B46-9CE283E252D7}"
EndProject
Project("{FAE04EC0-301F-11D3-BF4B-00C04F79EFBC}") = "LabWork5.Infrastructure.DataAccess", "src\Lab5\LabWork5.Infrastructure.DataAccess\LabWork5.Infrastructure.DataAccess.csproj", "{1A24D5A9-2F11-44FA-AB69-14EB7F0BDC0E}"
EndProject
Project("{FAE04EC0-301F-11D3-BF4B-00C04F79EFBC}") = "LabWork5.Application.Models", "src\Lab5\LabWork5.Application.Models\LabWork5.Application.Models.csproj", "{CFAB9354-DDCD-4C4A-BBE3-EECA6A91D823}"
EndProject
Project("{FAE04EC0-301F-11D3-BF4B-00C04F79EFBC}") = "LabWork5.Application.Abstractions", "src\Lab5\LabWork5.Application.Abstractions\LabWork5.Application.Abstractions.csproj", "{0665994C-F82F-4510-809A-F638BD32CE22}"
EndProject
Project("{FAE04EC0-301F-11D3-BF4B-00C04F79EFBC}") = "LabWork5.Application.Contracts", "src\Lab5\LabWork5.Application.Contracts\LabWork5.Application.Contracts.csproj", "{FDD965F5-432F-46ED-85D2-9678CD4CFFF3}"
EndProject
Global
	GlobalSection(SolutionConfigurationPlatforms) = preSolution
		Debug|Any CPU = Debug|Any CPU
		Release|Any CPU = Release|Any CPU
	EndGlobalSection
	GlobalSection(NestedProjects) = preSolution
		{EABA4888-E6C1-4ACC-856E-FBD34CEA3EDB} = {8ED774F4-D429-4B82-B768-50DCA8EFF609}
		{4CA1BCBB-A6F3-4ED0-9E5F-849FF093EDE1} = {792FFE57-F1A0-47A4-9E2A-80F75FF2F8DB}
		{433B9342-A6BF-4194-8F08-727AADAE7504} = {8ED774F4-D429-4B82-B768-50DCA8EFF609}
		{43B4CD48-18D5-4EDE-80CB-86460F4C64CB} = {8ED774F4-D429-4B82-B768-50DCA8EFF609}
		{A53D3DBD-FA2D-47B4-90A9-B44AF07ADE71} = {8ED774F4-D429-4B82-B768-50DCA8EFF609}
		{55C309C9-B7DE-4F64-AFDE-A33F9C2AB2D4} = {8ED774F4-D429-4B82-B768-50DCA8EFF609}
		{25D0E1F0-760B-4E76-B0D9-3EF274B35AF6} = {792FFE57-F1A0-47A4-9E2A-80F75FF2F8DB}
		{7E5E46DB-EF55-47E6-822A-6AE20BF2FCD9} = {792FFE57-F1A0-47A4-9E2A-80F75FF2F8DB}
		{17689E4A-FE4F-4893-8E28-3BA911DEC8D8} = {792FFE57-F1A0-47A4-9E2A-80F75FF2F8DB}
		{FA627A62-AD7A-4A72-B15C-EC8AEFD206DB} = {792FFE57-F1A0-47A4-9E2A-80F75FF2F8DB}
		{D0A38B1D-F943-49FD-9E6A-C1D80214BF87} = {55C309C9-B7DE-4F64-AFDE-A33F9C2AB2D4}
		{49E1D4D0-CBEA-499B-AF27-833BD08D423B} = {55C309C9-B7DE-4F64-AFDE-A33F9C2AB2D4}
		{665D113C-9BBB-4775-BFAF-5944BF8A4C99} = {49E1D4D0-CBEA-499B-AF27-833BD08D423B}
		{BB4063E9-73AF-4912-AB49-63EA88272BE7} = {D0A38B1D-F943-49FD-9E6A-C1D80214BF87}
		{1C732A96-3074-4526-9F64-3AC242EB98F1} = {D0A38B1D-F943-49FD-9E6A-C1D80214BF87}
		{5F81C32D-6133-4F61-B838-4EFAD486C0E0} = {D0A38B1D-F943-49FD-9E6A-C1D80214BF87}
		{6BF5AF39-AAC5-4206-9B46-9CE283E252D7} = {BB4063E9-73AF-4912-AB49-63EA88272BE7}
		{1A24D5A9-2F11-44FA-AB69-14EB7F0BDC0E} = {1C732A96-3074-4526-9F64-3AC242EB98F1}
		{CFAB9354-DDCD-4C4A-BBE3-EECA6A91D823} = {BB4063E9-73AF-4912-AB49-63EA88272BE7}
		{0665994C-F82F-4510-809A-F638BD32CE22} = {BB4063E9-73AF-4912-AB49-63EA88272BE7}
		{FDD965F5-432F-46ED-85D2-9678CD4CFFF3} = {BB4063E9-73AF-4912-AB49-63EA88272BE7}
	EndGlobalSection
	GlobalSection(ProjectConfigurationPlatforms) = postSolution
		{EABA4888-E6C1-4ACC-856E-FBD34CEA3EDB}.Debug|Any CPU.ActiveCfg = Debug|Any CPU
		{EABA4888-E6C1-4ACC-856E-FBD34CEA3EDB}.Debug|Any CPU.Build.0 = Debug|Any CPU
		{EABA4888-E6C1-4ACC-856E-FBD34CEA3EDB}.Release|Any CPU.ActiveCfg = Release|Any CPU
		{EABA4888-E6C1-4ACC-856E-FBD34CEA3EDB}.Release|Any CPU.Build.0 = Release|Any CPU
		{4CA1BCBB-A6F3-4ED0-9E5F-849FF093EDE1}.Debug|Any CPU.ActiveCfg = Debug|Any CPU
		{4CA1BCBB-A6F3-4ED0-9E5F-849FF093EDE1}.Debug|Any CPU.Build.0 = Debug|Any CPU
		{4CA1BCBB-A6F3-4ED0-9E5F-849FF093EDE1}.Release|Any CPU.ActiveCfg = Release|Any CPU
		{4CA1BCBB-A6F3-4ED0-9E5F-849FF093EDE1}.Release|Any CPU.Build.0 = Release|Any CPU
		{433B9342-A6BF-4194-8F08-727AADAE7504}.Debug|Any CPU.ActiveCfg = Debug|Any CPU
		{433B9342-A6BF-4194-8F08-727AADAE7504}.Debug|Any CPU.Build.0 = Debug|Any CPU
		{433B9342-A6BF-4194-8F08-727AADAE7504}.Release|Any CPU.ActiveCfg = Release|Any CPU
		{433B9342-A6BF-4194-8F08-727AADAE7504}.Release|Any CPU.Build.0 = Release|Any CPU
		{43B4CD48-18D5-4EDE-80CB-86460F4C64CB}.Debug|Any CPU.ActiveCfg = Debug|Any CPU
		{43B4CD48-18D5-4EDE-80CB-86460F4C64CB}.Debug|Any CPU.Build.0 = Debug|Any CPU
		{43B4CD48-18D5-4EDE-80CB-86460F4C64CB}.Release|Any CPU.ActiveCfg = Release|Any CPU
		{43B4CD48-18D5-4EDE-80CB-86460F4C64CB}.Release|Any CPU.Build.0 = Release|Any CPU
		{A53D3DBD-FA2D-47B4-90A9-B44AF07ADE71}.Debug|Any CPU.ActiveCfg = Debug|Any CPU
		{A53D3DBD-FA2D-47B4-90A9-B44AF07ADE71}.Debug|Any CPU.Build.0 = Debug|Any CPU
		{A53D3DBD-FA2D-47B4-90A9-B44AF07ADE71}.Release|Any CPU.ActiveCfg = Release|Any CPU
		{A53D3DBD-FA2D-47B4-90A9-B44AF07ADE71}.Release|Any CPU.Build.0 = Release|Any CPU
		{25D0E1F0-760B-4E76-B0D9-3EF274B35AF6}.Debug|Any CPU.ActiveCfg = Debug|Any CPU
		{25D0E1F0-760B-4E76-B0D9-3EF274B35AF6}.Debug|Any CPU.Build.0 = Debug|Any CPU
		{25D0E1F0-760B-4E76-B0D9-3EF274B35AF6}.Release|Any CPU.ActiveCfg = Release|Any CPU
		{25D0E1F0-760B-4E76-B0D9-3EF274B35AF6}.Release|Any CPU.Build.0 = Release|Any CPU
		{7E5E46DB-EF55-47E6-822A-6AE20BF2FCD9}.Debug|Any CPU.ActiveCfg = Debug|Any CPU
		{7E5E46DB-EF55-47E6-822A-6AE20BF2FCD9}.Debug|Any CPU.Build.0 = Debug|Any CPU
		{7E5E46DB-EF55-47E6-822A-6AE20BF2FCD9}.Release|Any CPU.ActiveCfg = Release|Any CPU
		{7E5E46DB-EF55-47E6-822A-6AE20BF2FCD9}.Release|Any CPU.Build.0 = Release|Any CPU
		{17689E4A-FE4F-4893-8E28-3BA911DEC8D8}.Debug|Any CPU.ActiveCfg = Debug|Any CPU
		{17689E4A-FE4F-4893-8E28-3BA911DEC8D8}.Debug|Any CPU.Build.0 = Debug|Any CPU
		{17689E4A-FE4F-4893-8E28-3BA911DEC8D8}.Release|Any CPU.ActiveCfg = Release|Any CPU
		{17689E4A-FE4F-4893-8E28-3BA911DEC8D8}.Release|Any CPU.Build.0 = Release|Any CPU
		{FA627A62-AD7A-4A72-B15C-EC8AEFD206DB}.Debug|Any CPU.ActiveCfg = Debug|Any CPU
		{FA627A62-AD7A-4A72-B15C-EC8AEFD206DB}.Debug|Any CPU.Build.0 = Debug|Any CPU
		{FA627A62-AD7A-4A72-B15C-EC8AEFD206DB}.Release|Any CPU.ActiveCfg = Release|Any CPU
		{FA627A62-AD7A-4A72-B15C-EC8AEFD206DB}.Release|Any CPU.Build.0 = Release|Any CPU
		{6BF5AF39-AAC5-4206-9B46-9CE283E252D7}.Debug|Any CPU.ActiveCfg = Debug|Any CPU
		{6BF5AF39-AAC5-4206-9B46-9CE283E252D7}.Debug|Any CPU.Build.0 = Debug|Any CPU
		{6BF5AF39-AAC5-4206-9B46-9CE283E252D7}.Release|Any CPU.ActiveCfg = Release|Any CPU
		{6BF5AF39-AAC5-4206-9B46-9CE283E252D7}.Release|Any CPU.Build.0 = Release|Any CPU
		{1A24D5A9-2F11-44FA-AB69-14EB7F0BDC0E}.Debug|Any CPU.ActiveCfg = Debug|Any CPU
		{1A24D5A9-2F11-44FA-AB69-14EB7F0BDC0E}.Debug|Any CPU.Build.0 = Debug|Any CPU
		{1A24D5A9-2F11-44FA-AB69-14EB7F0BDC0E}.Release|Any CPU.ActiveCfg = Release|Any CPU
		{1A24D5A9-2F11-44FA-AB69-14EB7F0BDC0E}.Release|Any CPU.Build.0 = Release|Any CPU
		{CFAB9354-DDCD-4C4A-BBE3-EECA6A91D823}.Debug|Any CPU.ActiveCfg = Debug|Any CPU
		{CFAB9354-DDCD-4C4A-BBE3-EECA6A91D823}.Debug|Any CPU.Build.0 = Debug|Any CPU
		{CFAB9354-DDCD-4C4A-BBE3-EECA6A91D823}.Release|Any CPU.ActiveCfg = Release|Any CPU
		{CFAB9354-DDCD-4C4A-BBE3-EECA6A91D823}.Release|Any CPU.Build.0 = Release|Any CPU
		{0665994C-F82F-4510-809A-F638BD32CE22}.Debug|Any CPU.ActiveCfg = Debug|Any CPU
		{0665994C-F82F-4510-809A-F638BD32CE22}.Debug|Any CPU.Build.0 = Debug|Any CPU
		{0665994C-F82F-4510-809A-F638BD32CE22}.Release|Any CPU.ActiveCfg = Release|Any CPU
		{0665994C-F82F-4510-809A-F638BD32CE22}.Release|Any CPU.Build.0 = Release|Any CPU
		{FDD965F5-432F-46ED-85D2-9678CD4CFFF3}.Debug|Any CPU.ActiveCfg = Debug|Any CPU
		{FDD965F5-432F-46ED-85D2-9678CD4CFFF3}.Debug|Any CPU.Build.0 = Debug|Any CPU
		{FDD965F5-432F-46ED-85D2-9678CD4CFFF3}.Release|Any CPU.ActiveCfg = Release|Any CPU
		{FDD965F5-432F-46ED-85D2-9678CD4CFFF3}.Release|Any CPU.Build.0 = Release|Any CPU
	EndGlobalSection
EndGlobal
